
Microsoft Visual Studio Solution File, Format Version 12.00
# Visual Studio Version 17
VisualStudioVersion = 17.5.002.0
MinimumVisualStudioVersion = 10.0.40219.1
Project("{9A19103F-16F7-4668-BE54-9A1E7A4F7556}") = "TechCo", "TechCo.csproj", "{561B0C06-829B-4A31-B49C-BE29694CD231}"
EndProject
Global
	GlobalSection(SolutionConfigurationPlatforms) = preSolution
		Debug|Any CPU = Debug|Any CPU
		Release|Any CPU = Release|Any CPU
	EndGlobalSection
	GlobalSection(ProjectConfigurationPlatforms) = postSolution
		{561B0C06-829B-4A31-B49C-BE29694CD231}.Debug|Any CPU.ActiveCfg = Debug|Any CPU
		{561B0C06-829B-4A31-B49C-BE29694CD231}.Debug|Any CPU.Build.0 = Debug|Any CPU
		{561B0C06-829B-4A31-B49C-BE29694CD231}.Release|Any CPU.ActiveCfg = Release|Any CPU
		{561B0C06-829B-4A31-B49C-BE29694CD231}.Release|Any CPU.Build.0 = Release|Any CPU
	EndGlobalSection
	GlobalSection(SolutionProperties) = preSolution
		HideSolutionNode = FALSE
	EndGlobalSection
	GlobalSection(ExtensibilityGlobals) = postSolution
		SolutionGuid = {70F2F584-EF89-4157-B848-F74D0FFF7CC9}
	EndGlobalSection
EndGlobal
